
Microsoft Visual Studio Solution File, Format Version 12.00
# Visual Studio Version 17
VisualStudioVersion = 17.11.35303.130
MinimumVisualStudioVersion = 10.0.40219.1
Project("{FAE04EC0-301F-11D3-BF4B-00C04F79EFBC}") = "UOBCMS", "UOBCMS\UOBCMS.csproj", "{C0188593-C73C-46BA-B379-9026B3437D47}"
EndProject
Global
	GlobalSection(SolutionConfigurationPlatforms) = preSolution
		Debug|Any CPU = Debug|Any CPU
		Release|Any CPU = Release|Any CPU
	EndGlobalSection
	GlobalSection(ProjectConfigurationPlatforms) = postSolution
		{C0188593-C73C-46BA-B379-9026B3437D47}.Debug|Any CPU.ActiveCfg = Debug|Any CPU
		{C0188593-C73C-46BA-B379-9026B3437D47}.Debug|Any CPU.Build.0 = Debug|Any CPU
		{C0188593-C73C-46BA-B379-9026B3437D47}.Release|Any CPU.ActiveCfg = Release|Any CPU
		{C0188593-C73C-46BA-B379-9026B3437D47}.Release|Any CPU.Build.0 = Release|Any CPU
	EndGlobalSection
	GlobalSection(SolutionProperties) = preSolution
		HideSolutionNode = FALSE
	EndGlobalSection
	GlobalSection(ExtensibilityGlobals) = postSolution
		SolutionGuid = {7BC0C6E4-AFE7-4175-ADA7-B47D7A9565FE}
	EndGlobalSection
EndGlobal
